
Microsoft Visual Studio Solution File, Format Version 12.00
# Visual Studio 2013
VisualStudioVersion = 12.0.21005.1
MinimumVisualStudioVersion = 10.0.40219.1
Project("{FAE04EC0-301F-11D3-BF4B-00C04F79EFBC}") = "CoucheVue", "CoucheVue\CoucheVue.csproj", "{32523CAE-C194-4EA9-BDD2-7F66460E5092}"
EndProject
Project("{FAE04EC0-301F-11D3-BF4B-00C04F79EFBC}") = "CoucheModel", "CoucheModel\CoucheModel.csproj", "{CAF5F1AE-62B0-451D-BBF4-4D0ED7BC56D8}"
EndProject
Project("{FAE04EC0-301F-11D3-BF4B-00C04F79EFBC}") = "CoucheDAL", "CoucheDAL\CoucheDAL.csproj", "{A54D67E2-488F-4F00-94BB-CC5D42B371F5}"
EndProject
Project("{FAE04EC0-301F-11D3-BF4B-00C04F79EFBC}") = "CoucheBLL", "CoucheBLL\CoucheBLL.csproj", "{718FE43C-5F70-4B4C-ACAA-B4D6687CAF83}"
EndProject
Global
	GlobalSection(SolutionConfigurationPlatforms) = preSolution
		Debug|Any CPU = Debug|Any CPU
		Release|Any CPU = Release|Any CPU
	EndGlobalSection
	GlobalSection(ProjectConfigurationPlatforms) = postSolution
		{32523CAE-C194-4EA9-BDD2-7F66460E5092}.Debug|Any CPU.ActiveCfg = Debug|Any CPU
		{32523CAE-C194-4EA9-BDD2-7F66460E5092}.Debug|Any CPU.Build.0 = Debug|Any CPU
		{32523CAE-C194-4EA9-BDD2-7F66460E5092}.Release|Any CPU.ActiveCfg = Release|Any CPU
		{32523CAE-C194-4EA9-BDD2-7F66460E5092}.Release|Any CPU.Build.0 = Release|Any CPU
		{CAF5F1AE-62B0-451D-BBF4-4D0ED7BC56D8}.Debug|Any CPU.ActiveCfg = Debug|Any CPU
		{CAF5F1AE-62B0-451D-BBF4-4D0ED7BC56D8}.Debug|Any CPU.Build.0 = Debug|Any CPU
		{CAF5F1AE-62B0-451D-BBF4-4D0ED7BC56D8}.Release|Any CPU.ActiveCfg = Release|Any CPU
		{CAF5F1AE-62B0-451D-BBF4-4D0ED7BC56D8}.Release|Any CPU.Build.0 = Release|Any CPU
		{A54D67E2-488F-4F00-94BB-CC5D42B371F5}.Debug|Any CPU.ActiveCfg = Debug|Any CPU
		{A54D67E2-488F-4F00-94BB-CC5D42B371F5}.Debug|Any CPU.Build.0 = Debug|Any CPU
		{A54D67E2-488F-4F00-94BB-CC5D42B371F5}.Release|Any CPU.ActiveCfg = Release|Any CPU
		{A54D67E2-488F-4F00-94BB-CC5D42B371F5}.Release|Any CPU.Build.0 = Release|Any CPU
		{718FE43C-5F70-4B4C-ACAA-B4D6687CAF83}.Debug|Any CPU.ActiveCfg = Debug|Any CPU
		{718FE43C-5F70-4B4C-ACAA-B4D6687CAF83}.Debug|Any CPU.Build.0 = Debug|Any CPU
		{718FE43C-5F70-4B4C-ACAA-B4D6687CAF83}.Release|Any CPU.ActiveCfg = Release|Any CPU
		{718FE43C-5F70-4B4C-ACAA-B4D6687CAF83}.Release|Any CPU.Build.0 = Release|Any CPU
	EndGlobalSection
	GlobalSection(SolutionProperties) = preSolution
		HideSolutionNode = FALSE
	EndGlobalSection
EndGlobal
